
Microsoft Visual Studio Solution File, Format Version 12.00
# Visual Studio 2012
Project("{8BC9CEB8-8B4A-11D0-8D11-00A0C91BC942}") = "TryAgain", "TryAgain\TryAgain.vcxproj", "{E319CA14-A434-48F7-8661-9B14D86ED50A}"
EndProject
Global
	GlobalSection(SolutionConfigurationPlatforms) = preSolution
		Debug|Win32 = Debug|Win32
		Release|Win32 = Release|Win32
	EndGlobalSection
	GlobalSection(ProjectConfigurationPlatforms) = postSolution
		{E319CA14-A434-48F7-8661-9B14D86ED50A}.Debug|Win32.ActiveCfg = Debug|Win32
		{E319CA14-A434-48F7-8661-9B14D86ED50A}.Debug|Win32.Build.0 = Debug|Win32
		{E319CA14-A434-48F7-8661-9B14D86ED50A}.Release|Win32.ActiveCfg = Release|Win32
		{E319CA14-A434-48F7-8661-9B14D86ED50A}.Release|Win32.Build.0 = Release|Win32
	EndGlobalSection
	GlobalSection(SolutionProperties) = preSolution
		HideSolutionNode = FALSE
	EndGlobalSection
EndGlobal
